
Microsoft Visual Studio Solution File, Format Version 12.00
# Visual Studio Version 16
VisualStudioVersion = 16.0.31410.357
MinimumVisualStudioVersion = 10.0.40219.1
Project("{9A19103F-16F7-4668-BE54-9A1E7A4F7556}") = "E-PupilStdMgt", "E-PupilStdMgt\E-PupilStdMgt.csproj", "{2EA06101-3391-44EE-A847-852C9AB74A78}"
EndProject
Project("{54435603-DBB4-11D2-8724-00A0C9A8B90C}") = "OMP-Management System", "OMP-Management System\OMP-Management System.vdproj", "{80DBED0C-DEDB-449F-9AF6-4F4849D25168}"
EndProject
Global
	GlobalSection(SolutionConfigurationPlatforms) = preSolution
		Debug|Any CPU = Debug|Any CPU
		Release|Any CPU = Release|Any CPU
	EndGlobalSection
	GlobalSection(ProjectConfigurationPlatforms) = postSolution
		{2EA06101-3391-44EE-A847-852C9AB74A78}.Debug|Any CPU.ActiveCfg = Debug|Any CPU
		{2EA06101-3391-44EE-A847-852C9AB74A78}.Debug|Any CPU.Build.0 = Debug|Any CPU
		{2EA06101-3391-44EE-A847-852C9AB74A78}.Release|Any CPU.ActiveCfg = Release|Any CPU
		{2EA06101-3391-44EE-A847-852C9AB74A78}.Release|Any CPU.Build.0 = Release|Any CPU
		{80DBED0C-DEDB-449F-9AF6-4F4849D25168}.Debug|Any CPU.ActiveCfg = Debug
		{80DBED0C-DEDB-449F-9AF6-4F4849D25168}.Release|Any CPU.ActiveCfg = Release
	EndGlobalSection
	GlobalSection(SolutionProperties) = preSolution
		HideSolutionNode = FALSE
	EndGlobalSection
	GlobalSection(ExtensibilityGlobals) = postSolution
		SolutionGuid = {833C6244-950F-4329-A6F4-542BF8DD1C48}
	EndGlobalSection
EndGlobal
